version = "1"

[dependencies."bundle:rusl/bundles/feedback-schemas"]
version = "0.1.0"
integrity = ""
source = "https://hassox.rusl-api.ngrok.io"
dependencies = [
    "schema:rusl/schemas/context-request",
    "schema:rusl/schemas/context-loading-hint",
    "schema:rusl/schemas/usage-report",
    "schema:rusl/schemas/domain-interpretation",
    "schema:rusl/schemas/source-attestation",
    "schema:rusl/schemas/trust-signal",
    "schema:rusl/schemas/semantic-link",
    "schema:rusl/schemas/migration-guide",
]

[dependencies."schema:rusl/schemas/context-loading-hint"]
version = "0.1.0"
integrity = "9bb2aa29b9a8078e584ae9f4c8bfb309d9f6a5777bb3f0a3abfffe7eb37e0cd6"
source = "https://hassox.rusl-api.ngrok.io"

[dependencies."schema:rusl/schemas/context-request"]
version = "0.1.0"
integrity = "9cee643ca098eaf2489ce4b1fb5af4e6a6fba0b4a7feecd9cd5470e5298adeb9"
source = "https://hassox.rusl-api.ngrok.io"

[dependencies."schema:rusl/schemas/domain-interpretation"]
version = "0.1.0"
integrity = "324dc7dc6b09199e078499dd4ecc678340ea36bd38b71c067684d882b8688aff"
source = "https://hassox.rusl-api.ngrok.io"

[dependencies."schema:rusl/schemas/migration-guide"]
version = "0.1.0"
integrity = "cc67f17fcffb685b75da937b342c8c34dae611ca49c2ee758a2a900470a317be"
source = "https://hassox.rusl-api.ngrok.io"

[dependencies."schema:rusl/schemas/semantic-link"]
version = "0.1.0"
integrity = "7eddc385ed8d72446560f1ce83089262e030c3a92e22d33da5c9868aa3e2277d"
source = "https://hassox.rusl-api.ngrok.io"

[dependencies."schema:rusl/schemas/source-attestation"]
version = "0.1.0"
integrity = "61f111c20863bf182d69c0995dd434357970dc63fbb807f732c2afa1d3bd6b17"
source = "https://hassox.rusl-api.ngrok.io"

[dependencies."schema:rusl/schemas/trust-signal"]
version = "0.1.0"
integrity = "02652de29a6b8543989e84bc757506880008bc4ad78fe03be64b7ca846ea782a"
source = "https://hassox.rusl-api.ngrok.io"

[dependencies."schema:rusl/schemas/usage-report"]
version = "0.1.0"
integrity = "1aa3274ef5f43bb37ae6b00b8ccfe44f9bb48ec5efa1fdacd95818ddbc898771"
source = "https://hassox.rusl-api.ngrok.io"
